// !$*UTF8*$!
{
	archiveVersion = 1;
	classes = {
	};
	objectVersion = 77;
	objects = {

/* Begin PBXFileReference section */
		667908122FC413440031DCE5 /* budgettracker.py */ = {isa = PBXFileReference; lastKnownFileType = text.script.python; path = budgettracker.py; sourceTree = "<group>"; };
/* End PBXFileReference section */

/* Begin PBXGroup section */
		6679080B2FC4133B0031DCE5 = {
			isa = PBXGroup;
			children = (
				667908122FC413440031DCE5 /* budgettracker.py */,
			);
			sourceTree = "<group>";
		};
/* End PBXGroup section */

/* Begin PBXProject section */
		6679080C2FC4133B0031DCE5 /* Project object */ = {
			isa = PBXProject;
			attributes = {
				BuildIndependentTargetsInParallel = 1;
				LastUpgradeCheck = 2650;
			};
			buildConfigurationList = 6679080F2FC4133B0031DCE5 /* Build configuration list for PBXProject "budgettracker" */;
			developmentRegion = en;
			hasScannedForEncodings = 0;
			knownRegions = (
				en,
				Base,
			);
			mainGroup = 6679080B2FC4133B0031DCE5;
			minimizedProjectReferenceProxies = 1;
			preferredProjectObjectVersion = 77;
			projectDirPath = "";
			projectRoot = "";
			targets = (
			);
		};
/* End PBXProject section */

/* Begin XCBuildConfiguration section */
		667908102FC4133B0031DCE5 /* Debug */ = {
			isa = XCBuildConfiguration;
			buildSettings = {
			};
			name = Debug;
		};
		667908112FC4133B0031DCE5 /* Release */ = {
			isa = XCBuildConfiguration;
			buildSettings = {
			};
			name = Release;
		};
/* End XCBuildConfiguration section */

/* Begin XCConfigurationList section */
		6679080F2FC4133B0031DCE5 /* Build configuration list for PBXProject "budgettracker" */ = {
			isa = XCConfigurationList;
			buildConfigurations = (
				667908102FC4133B0031DCE5 /* Debug */,
				667908112FC4133B0031DCE5 /* Release */,
			);
			defaultConfigurationIsVisible = 0;
			defaultConfigurationName = Release;
		};
/* End XCConfigurationList section */
	};
	rootObject = 6679080C2FC4133B0031DCE5 /* Project object */;
}
